
Microsoft Visual Studio Solution File, Format Version 12.00
# Visual Studio Version 17
VisualStudioVersion = 17.8.34330.188
MinimumVisualStudioVersion = 10.0.40219.1
Project("{FAE04EC0-301F-11D3-BF4B-00C04F79EFBC}") = "WebMVCLayoutViewTempBagAssignmnet", "WebMVCLayoutViewTempBagAssignmnet\WebMVCLayoutViewTempBagAssignmnet.csproj", "{F34D7E07-F123-485D-AB17-D3CCF14FBF20}"
EndProject
Global
	GlobalSection(SolutionConfigurationPlatforms) = preSolution
		Debug|Any CPU = Debug|Any CPU
		Release|Any CPU = Release|Any CPU
	EndGlobalSection
	GlobalSection(ProjectConfigurationPlatforms) = postSolution
		{F34D7E07-F123-485D-AB17-D3CCF14FBF20}.Debug|Any CPU.ActiveCfg = Debug|Any CPU
		{F34D7E07-F123-485D-AB17-D3CCF14FBF20}.Debug|Any CPU.Build.0 = Debug|Any CPU
		{F34D7E07-F123-485D-AB17-D3CCF14FBF20}.Release|Any CPU.ActiveCfg = Release|Any CPU
		{F34D7E07-F123-485D-AB17-D3CCF14FBF20}.Release|Any CPU.Build.0 = Release|Any CPU
	EndGlobalSection
	GlobalSection(SolutionProperties) = preSolution
		HideSolutionNode = FALSE
	EndGlobalSection
	GlobalSection(ExtensibilityGlobals) = postSolution
		SolutionGuid = {9571C7D7-9CEE-4BC5-BD82-EB7C774DA892}
	EndGlobalSection
EndGlobal
